
Microsoft Visual Studio Solution File, Format Version 12.00
# Visual Studio 2013
VisualStudioVersion = 12.0.21005.1
MinimumVisualStudioVersion = 10.0.40219.1
Project("{FAE04EC0-301F-11D3-BF4B-00C04F79EFBC}") = "KSU.CIS300.Lab_6", "KSU.CIS300.Lab_6\KSU.CIS300.Lab_6.csproj", "{0C44FE0A-D883-4A41-9C1F-EC90BE16E38B}"
EndProject
Global
	GlobalSection(TeamFoundationVersionControl) = preSolution
		SccNumberOfProjects = 2
		SccEnterpriseProvider = {4CA58AB2-18FA-4F8D-95D4-32DDF27D184C}
		SccTeamFoundationServer = https://jacob2040.visualstudio.com/defaultcollection
		SccLocalPath0 = .
		SccProjectUniqueName1 = KSU.CIS300.Lab_6\\KSU.CIS300.Lab_6.csproj
		SccProjectName1 = KSU.CIS300.Lab_6
		SccLocalPath1 = KSU.CIS300.Lab_6
	EndGlobalSection
	GlobalSection(SolutionConfigurationPlatforms) = preSolution
		Debug|Any CPU = Debug|Any CPU
		Release|Any CPU = Release|Any CPU
	EndGlobalSection
	GlobalSection(ProjectConfigurationPlatforms) = postSolution
		{0C44FE0A-D883-4A41-9C1F-EC90BE16E38B}.Debug|Any CPU.ActiveCfg = Debug|Any CPU
		{0C44FE0A-D883-4A41-9C1F-EC90BE16E38B}.Debug|Any CPU.Build.0 = Debug|Any CPU
		{0C44FE0A-D883-4A41-9C1F-EC90BE16E38B}.Release|Any CPU.ActiveCfg = Release|Any CPU
		{0C44FE0A-D883-4A41-9C1F-EC90BE16E38B}.Release|Any CPU.Build.0 = Release|Any CPU
	EndGlobalSection
	GlobalSection(SolutionProperties) = preSolution
		HideSolutionNode = FALSE
	EndGlobalSection
EndGlobal
